
Microsoft Visual Studio Solution File, Format Version 12.00
# Visual Studio Version 17
VisualStudioVersion = 17.0.31903.59
MinimumVisualStudioVersion = 10.0.40219.1
Project("{FAE04EC0-301F-11D3-BF4B-00C04F79EFBC}") = "EtecBarraBonita", "EtecBarraBonita\EtecBarraBonita.csproj", "{77F932EB-64A3-4EC3-9CBC-911D88839263}"
EndProject
Global
	GlobalSection(SolutionConfigurationPlatforms) = preSolution
		Debug|Any CPU = Debug|Any CPU
		Release|Any CPU = Release|Any CPU
	EndGlobalSection
	GlobalSection(SolutionProperties) = preSolution
		HideSolutionNode = FALSE
	EndGlobalSection
	GlobalSection(ProjectConfigurationPlatforms) = postSolution
		{77F932EB-64A3-4EC3-9CBC-911D88839263}.Debug|Any CPU.ActiveCfg = Debug|Any CPU
		{77F932EB-64A3-4EC3-9CBC-911D88839263}.Debug|Any CPU.Build.0 = Debug|Any CPU
		{77F932EB-64A3-4EC3-9CBC-911D88839263}.Release|Any CPU.ActiveCfg = Release|Any CPU
		{77F932EB-64A3-4EC3-9CBC-911D88839263}.Release|Any CPU.Build.0 = Release|Any CPU
	EndGlobalSection
EndGlobal
